{"filter":false,"title":"Gemfile.lock","tooltip":"/Gemfile.lock","ace":{"folds":[],"scrolltop":484.5,"scrollleft":0,"selection":{"start":{"row":0,"column":0},"end":{"row":84,"column":0},"isBackwards":false},"options":{"guessTabSize":true,"useWrapMode":false,"wrapToView":true},"firstLineState":0,"cleansed":true},"hash":"2b3a4b0796a69663d2db97fbcc728e9e4f81ccc6","undoManager":{"mark":0,"position":-1,"stack":[]},"timestamp":1416284917000}